
Microsoft Visual Studio Solution File, Format Version 12.00
# Visual Studio Version 17
VisualStudioVersion = 17.7.34221.43
MinimumVisualStudioVersion = 10.0.40219.1
Project("{FAE04EC0-301F-11D3-BF4B-00C04F79EFBC}") = "SecretSanta", "SecretSanta\SecretSanta.csproj", "{03D6F224-741C-40E6-9903-3D2E992042E3}"
EndProject
Global
	GlobalSection(SolutionConfigurationPlatforms) = preSolution
		Debug|Any CPU = Debug|Any CPU
		Release|Any CPU = Release|Any CPU
	EndGlobalSection
	GlobalSection(ProjectConfigurationPlatforms) = postSolution
		{03D6F224-741C-40E6-9903-3D2E992042E3}.Debug|Any CPU.ActiveCfg = Debug|Any CPU
		{03D6F224-741C-40E6-9903-3D2E992042E3}.Debug|Any CPU.Build.0 = Debug|Any CPU
		{03D6F224-741C-40E6-9903-3D2E992042E3}.Release|Any CPU.ActiveCfg = Release|Any CPU
		{03D6F224-741C-40E6-9903-3D2E992042E3}.Release|Any CPU.Build.0 = Release|Any CPU
	EndGlobalSection
	GlobalSection(SolutionProperties) = preSolution
		HideSolutionNode = FALSE
	EndGlobalSection
	GlobalSection(ExtensibilityGlobals) = postSolution
		SolutionGuid = {8498A569-03EF-4F4B-906C-E4E17E73CF7C}
	EndGlobalSection
EndGlobal
